
Microsoft Visual Studio Solution File, Format Version 12.00
# Visual Studio 15
VisualStudioVersion = 15.0.28307.168
MinimumVisualStudioVersion = 10.0.40219.1
Project("{FAE04EC0-301F-11D3-BF4B-00C04F79EFBC}") = "lab 8", "lab 8\lab 8.csproj", "{3186138C-A5F6-4C4B-BBCF-8972A4D86557}"
EndProject
Global
	GlobalSection(SolutionConfigurationPlatforms) = preSolution
		Debug|Any CPU = Debug|Any CPU
		Release|Any CPU = Release|Any CPU
	EndGlobalSection
	GlobalSection(ProjectConfigurationPlatforms) = postSolution
		{3186138C-A5F6-4C4B-BBCF-8972A4D86557}.Debug|Any CPU.ActiveCfg = Debug|Any CPU
		{3186138C-A5F6-4C4B-BBCF-8972A4D86557}.Debug|Any CPU.Build.0 = Debug|Any CPU
		{3186138C-A5F6-4C4B-BBCF-8972A4D86557}.Release|Any CPU.ActiveCfg = Release|Any CPU
		{3186138C-A5F6-4C4B-BBCF-8972A4D86557}.Release|Any CPU.Build.0 = Release|Any CPU
	EndGlobalSection
	GlobalSection(SolutionProperties) = preSolution
		HideSolutionNode = FALSE
	EndGlobalSection
	GlobalSection(ExtensibilityGlobals) = postSolution
		SolutionGuid = {5B1FE456-9ADE-4548-94AC-49338A0C3B3A}
	EndGlobalSection
EndGlobal
